
Microsoft Visual Studio Solution File, Format Version 12.00
# Visual Studio Version 17
VisualStudioVersion = 17.14.36121.58
MinimumVisualStudioVersion = 10.0.40219.1
Project("{FAE04EC0-301F-11D3-BF4B-00C04F79EFBC}") = "BibliotecasAPI", "BibliotecasAPI\BibliotecasAPI.csproj", "{418C9F25-F72E-45C2-80C1-AA2257609634}"
EndProject
Project("{FAE04EC0-301F-11D3-BF4B-00C04F79EFBC}") = "BibliotecasAPI.Tests", "BibliotecasAPI.Tests\BibliotecasAPI.Tests.csproj", "{583793B3-A496-44A3-A5C2-BC7E1A58FC65}"
EndProject
Global
	GlobalSection(SolutionConfigurationPlatforms) = preSolution
		Debug|Any CPU = Debug|Any CPU
		Release|Any CPU = Release|Any CPU
	EndGlobalSection
	GlobalSection(ProjectConfigurationPlatforms) = postSolution
		{418C9F25-F72E-45C2-80C1-AA2257609634}.Debug|Any CPU.ActiveCfg = Debug|Any CPU
		{418C9F25-F72E-45C2-80C1-AA2257609634}.Debug|Any CPU.Build.0 = Debug|Any CPU
		{418C9F25-F72E-45C2-80C1-AA2257609634}.Release|Any CPU.ActiveCfg = Release|Any CPU
		{418C9F25-F72E-45C2-80C1-AA2257609634}.Release|Any CPU.Build.0 = Release|Any CPU
		{583793B3-A496-44A3-A5C2-BC7E1A58FC65}.Debug|Any CPU.ActiveCfg = Debug|Any CPU
		{583793B3-A496-44A3-A5C2-BC7E1A58FC65}.Debug|Any CPU.Build.0 = Debug|Any CPU
		{583793B3-A496-44A3-A5C2-BC7E1A58FC65}.Release|Any CPU.ActiveCfg = Release|Any CPU
		{583793B3-A496-44A3-A5C2-BC7E1A58FC65}.Release|Any CPU.Build.0 = Release|Any CPU
	EndGlobalSection
	GlobalSection(SolutionProperties) = preSolution
		HideSolutionNode = FALSE
	EndGlobalSection
	GlobalSection(ExtensibilityGlobals) = postSolution
		SolutionGuid = {C41F12D8-7BE5-454B-91B2-1974D549865C}
	EndGlobalSection
EndGlobal
